
Microsoft Visual Studio Solution File, Format Version 12.00
# Visual Studio Version 17
VisualStudioVersion = 17.13.35919.96 d17.13
MinimumVisualStudioVersion = 10.0.40219.1
Project("{FAE04EC0-301F-11D3-BF4B-00C04F79EFBC}") = "GerenciadorTarefas", "GerenciadorTarefas.csproj", "{92FB70D3-92AC-4A52-8BF1-1FB06931CD27}"
EndProject
Global
	GlobalSection(SolutionConfigurationPlatforms) = preSolution
		Debug|Any CPU = Debug|Any CPU
		Release|Any CPU = Release|Any CPU
	EndGlobalSection
	GlobalSection(ProjectConfigurationPlatforms) = postSolution
		{92FB70D3-92AC-4A52-8BF1-1FB06931CD27}.Debug|Any CPU.ActiveCfg = Debug|Any CPU
		{92FB70D3-92AC-4A52-8BF1-1FB06931CD27}.Debug|Any CPU.Build.0 = Debug|Any CPU
		{92FB70D3-92AC-4A52-8BF1-1FB06931CD27}.Release|Any CPU.ActiveCfg = Release|Any CPU
		{92FB70D3-92AC-4A52-8BF1-1FB06931CD27}.Release|Any CPU.Build.0 = Release|Any CPU
	EndGlobalSection
	GlobalSection(SolutionProperties) = preSolution
		HideSolutionNode = FALSE
	EndGlobalSection
	GlobalSection(ExtensibilityGlobals) = postSolution
		SolutionGuid = {5A281A4F-598C-446E-BD5B-8A6DD52920B7}
	EndGlobalSection
EndGlobal
